// !$*UTF8*$!
{
	archiveVersion = 1;
	classes = {
	};
	objectVersion = 48;
	objects = {

/* Begin PBXBuildFile section */
		20CE5F3536A83DF33C801684 /* Pods_Smack.framework in Frameworks */ = {isa = PBXBuildFile; fileRef = 869D9F9C343CCF8D18F1F2A4 /* Pods_Smack.framework */; };
		6631F7252000BC8A00A7F18C /* AppDelegate.swift in Sources */ = {isa = PBXBuildFile; fileRef = 6631F7242000BC8A00A7F18C /* AppDelegate.swift */; };
		6631F72A2000BC8A00A7F18C /* Main.storyboard in Resources */ = {isa = PBXBuildFile; fileRef = 6631F7282000BC8A00A7F18C /* Main.storyboard */; };
		6631F72C2000BC8A00A7F18C /* Assets.xcassets in Resources */ = {isa = PBXBuildFile; fileRef = 6631F72B2000BC8A00A7F18C /* Assets.xcassets */; };
		6631F72F2000BC8A00A7F18C /* LaunchScreen.storyboard in Resources */ = {isa = PBXBuildFile; fileRef = 6631F72D2000BC8A00A7F18C /* LaunchScreen.storyboard */; };
		6631F73A200175AC00A7F18C /* SWRevealViewController.m in Sources */ = {isa = PBXBuildFile; fileRef = 6631F738200175AB00A7F18C /* SWRevealViewController.m */; };
		6631F73F200277E000A7F18C /* ChatVC.swift in Sources */ = {isa = PBXBuildFile; fileRef = 6631F73E200277E000A7F18C /* ChatVC.swift */; };
		6631F741200277F600A7F18C /* ChannelVC.swift in Sources */ = {isa = PBXBuildFile; fileRef = 6631F740200277F600A7F18C /* ChannelVC.swift */; };
		6631F7432003697100A7F18C /* GradientView.swift in Sources */ = {isa = PBXBuildFile; fileRef = 6631F7422003697100A7F18C /* GradientView.swift */; };
		6631F746200377BE00A7F18C /* Constants.swift in Sources */ = {isa = PBXBuildFile; fileRef = 6631F745200377BE00A7F18C /* Constants.swift */; };
		6631F74820037DB100A7F18C /* LoginVC.swift in Sources */ = {isa = PBXBuildFile; fileRef = 6631F74720037DB100A7F18C /* LoginVC.swift */; };
		6631F74A2003CC6C00A7F18C /* CreateAccountVC.swift in Sources */ = {isa = PBXBuildFile; fileRef = 6631F7492003CC6C00A7F18C /* CreateAccountVC.swift */; };
		6631F74D2003FB2300A7F18C /* AuthService.swift in Sources */ = {isa = PBXBuildFile; fileRef = 6631F74C2003FB2300A7F18C /* AuthService.swift */; };
		6631F74F2004083B00A7F18C /* RoundedButton.swift in Sources */ = {isa = PBXBuildFile; fileRef = 6631F74E2004083B00A7F18C /* RoundedButton.swift */; };
		66A3AAAF200556A500853180 /* UserDataService.swift in Sources */ = {isa = PBXBuildFile; fileRef = 66A3AAAE200556A500853180 /* UserDataService.swift */; };
		66A3AAB1200762C000853180 /* AvatarPickerVC.swift in Sources */ = {isa = PBXBuildFile; fileRef = 66A3AAB0200762C000853180 /* AvatarPickerVC.swift */; };
		66A3AAB3200764CC00853180 /* AvatarCell.swift in Sources */ = {isa = PBXBuildFile; fileRef = 66A3AAB2200764CC00853180 /* AvatarCell.swift */; };
		66A3AAB520078EEC00853180 /* CircleImage.swift in Sources */ = {isa = PBXBuildFile; fileRef = 66A3AAB420078EEC00853180 /* CircleImage.swift */; };
		66BBDC332007C421004E8B62 /* ProfileVC.swift in Sources */ = {isa = PBXBuildFile; fileRef = 66BBDC312007C421004E8B62 /* ProfileVC.swift */; };
		66BBDC342007C421004E8B62 /* ProfileVC.xib in Resources */ = {isa = PBXBuildFile; fileRef = 66BBDC322007C421004E8B62 /* ProfileVC.xib */; };
		66BBDC382008AFC9004E8B62 /* MessageService.swift in Sources */ = {isa = PBXBuildFile; fileRef = 66BBDC372008AFC9004E8B62 /* MessageService.swift */; };
		66BBDC3A2008AFFB004E8B62 /* Channel.swift in Sources */ = {isa = PBXBuildFile; fileRef = 66BBDC392008AFFB004E8B62 /* Channel.swift */; };
		66BBDC3C2008E7B0004E8B62 /* ChannelCell.swift in Sources */ = {isa = PBXBuildFile; fileRef = 66BBDC3B2008E7B0004E8B62 /* ChannelCell.swift */; };
		66BBDC3F200909B3004E8B62 /* AddChannelVC.swift in Sources */ = {isa = PBXBuildFile; fileRef = 66BBDC3D200909B3004E8B62 /* AddChannelVC.swift */; };
		66BBDC40200909B3004E8B62 /* AddChannelVC.xib in Resources */ = {isa = PBXBuildFile; fileRef = 66BBDC3E200909B3004E8B62 /* AddChannelVC.xib */; };
		66BBDC4220091172004E8B62 /* SocketService.swift in Sources */ = {isa = PBXBuildFile; fileRef = 66BBDC4120091172004E8B62 /* SocketService.swift */; };
		66BBDC44200B35B8004E8B62 /* Message.swift in Sources */ = {isa = PBXBuildFile; fileRef = 66BBDC43200B35B8004E8B62 /* Message.swift */; };
		66BBDC46200C035B004E8B62 /* KeyboardBoundView.swift in Sources */ = {isa = PBXBuildFile; fileRef = 66BBDC45200C035B004E8B62 /* KeyboardBoundView.swift */; };
		66BBDC48200CA5AA004E8B62 /* MessageCell.swift in Sources */ = {isa = PBXBuildFile; fileRef = 66BBDC47200CA5AA004E8B62 /* MessageCell.swift */; };
/* End PBXBuildFile section */

/* Begin PBXFileReference section */
		34F190E72915C7DC7E16DBE5 /* Pods-Smack.debug.xcconfig */ = {isa = PBXFileReference; includeInIndex = 1; lastKnownFileType = text.xcconfig; name = "Pods-Smack.debug.xcconfig"; path = "Pods/Target Support Files/Pods-Smack/Pods-Smack.debug.xcconfig"; sourceTree = "<group>"; };
		5426F29BF5605B2DE8454FEA /* Pods-Smack.release.xcconfig */ = {isa = PBXFileReference; includeInIndex = 1; lastKnownFileType = text.xcconfig; name = "Pods-Smack.release.xcconfig"; path = "Pods/Target Support Files/Pods-Smack/Pods-Smack.release.xcconfig"; sourceTree = "<group>"; };
		6631F7212000BC8A00A7F18C /* Smack.app */ = {isa = PBXFileReference; explicitFileType = wrapper.application; includeInIndex = 0; path = Smack.app; sourceTree = BUILT_PRODUCTS_DIR; };
		6631F7242000BC8A00A7F18C /* AppDelegate.swift */ = {isa = PBXFileReference; lastKnownFileType = sourcecode.swift; path = AppDelegate.swift; sourceTree = "<group>"; };
		6631F7292000BC8A00A7F18C /* Base */ = {isa = PBXFileReference; lastKnownFileType = file.storyboard; name = Base; path = Base.lproj/Main.storyboard; sourceTree = "<group>"; };
		6631F72B2000BC8A00A7F18C /* Assets.xcassets */ = {isa = PBXFileReference; lastKnownFileType = folder.assetcatalog; path = Assets.xcassets; sourceTree = "<group>"; };
		6631F72E2000BC8A00A7F18C /* Base */ = {isa = PBXFileReference; lastKnownFileType = file.storyboard; name = Base; path = Base.lproj/LaunchScreen.storyboard; sourceTree = "<group>"; };
		6631F7302000BC8A00A7F18C /* Info.plist */ = {isa = PBXFileReference; lastKnownFileType = text.plist.xml; path = Info.plist; sourceTree = "<group>"; };
		6631F737200175AA00A7F18C /* Smack-Bridging-Header.h */ = {isa = PBXFileReference; lastKnownFileType = sourcecode.c.h; path = "Smack-Bridging-Header.h"; sourceTree = "<group>"; };
		6631F738200175AB00A7F18C /* SWRevealViewController.m */ = {isa = PBXFileReference; fileEncoding = 4; lastKnownFileType = sourcecode.c.objc; path = SWRevealViewController.m; sourceTree = "<group>"; };
		6631F739200175AC00A7F18C /* SWRevealViewController.h */ = {isa = PBXFileReference; fileEncoding = 4; lastKnownFileType = sourcecode.c.h; path = SWRevealViewController.h; sourceTree = "<group>"; };
		6631F73E200277E000A7F18C /* ChatVC.swift */ = {isa = PBXFileReference; lastKnownFileType = sourcecode.swift; path = ChatVC.swift; sourceTree = "<group>"; };
		6631F740200277F600A7F18C /* ChannelVC.swift */ = {isa = PBXFileReference; lastKnownFileType = sourcecode.swift; path = ChannelVC.swift; sourceTree = "<group>"; };
		6631F7422003697100A7F18C /* GradientView.swift */ = {isa = PBXFileReference; lastKnownFileType = sourcecode.swift; path = GradientView.swift; sourceTree = "<group>"; };
		6631F745200377BE00A7F18C /* Constants.swift */ = {isa = PBXFileReference; lastKnownFileType = sourcecode.swift; path = Constants.swift; sourceTree = "<group>"; };
		6631F74720037DB100A7F18C /* LoginVC.swift */ = {isa = PBXFileReference; lastKnownFileType = sourcecode.swift; path = LoginVC.swift; sourceTree = "<group>"; };
		6631F7492003CC6C00A7F18C /* CreateAccountVC.swift */ = {isa = PBXFileReference; lastKnownFileType = sourcecode.swift; path = CreateAccountVC.swift; sourceTree = "<group>"; };
		6631F74C2003FB2300A7F18C /* AuthService.swift */ = {isa = PBXFileReference; lastKnownFileType = sourcecode.swift; path = AuthService.swift; sourceTree = "<group>"; };
		6631F74E2004083B00A7F18C /* RoundedButton.swift */ = {isa = PBXFileReference; lastKnownFileType = sourcecode.swift; path = RoundedButton.swift; sourceTree = "<group>"; };
		66A3AAAE200556A500853180 /* UserDataService.swift */ = {isa = PBXFileReference; lastKnownFileType = sourcecode.swift; path = UserDataService.swift; sourceTree = "<group>"; };
		66A3AAB0200762C000853180 /* AvatarPickerVC.swift */ = {isa = PBXFileReference; lastKnownFileType = sourcecode.swift; path = AvatarPickerVC.swift; sourceTree = "<group>"; };
		66A3AAB2200764CC00853180 /* AvatarCell.swift */ = {isa = PBXFileReference; lastKnownFileType = sourcecode.swift; path = AvatarCell.swift; sourceTree = "<group>"; };
		66A3AAB420078EEC00853180 /* CircleImage.swift */ = {isa = PBXFileReference; lastKnownFileType = sourcecode.swift; path = CircleImage.swift; sourceTree = "<group>"; };
		66BBDC312007C421004E8B62 /* ProfileVC.swift */ = {isa = PBXFileReference; lastKnownFileType = sourcecode.swift; path = ProfileVC.swift; sourceTree = "<group>"; };
		66BBDC322007C421004E8B62 /* ProfileVC.xib */ = {isa = PBXFileReference; lastKnownFileType = file.xib; path = ProfileVC.xib; sourceTree = "<group>"; };
		66BBDC372008AFC9004E8B62 /* MessageService.swift */ = {isa = PBXFileReference; lastKnownFileType = sourcecode.swift; path = MessageService.swift; sourceTree = "<group>"; };
		66BBDC392008AFFB004E8B62 /* Channel.swift */ = {isa = PBXFileReference; lastKnownFileType = sourcecode.swift; path = Channel.swift; sourceTree = "<group>"; };
		66BBDC3B2008E7B0004E8B62 /* ChannelCell.swift */ = {isa = PBXFileReference; lastKnownFileType = sourcecode.swift; path = ChannelCell.swift; sourceTree = "<group>"; };
		66BBDC3D200909B3004E8B62 /* AddChannelVC.swift */ = {isa = PBXFileReference; lastKnownFileType = sourcecode.swift; path = AddChannelVC.swift; sourceTree = "<group>"; };
		66BBDC3E200909B3004E8B62 /* AddChannelVC.xib */ = {isa = PBXFileReference; lastKnownFileType = file.xib; path = AddChannelVC.xib; sourceTree = "<group>"; };
		66BBDC4120091172004E8B62 /* SocketService.swift */ = {isa = PBXFileReference; lastKnownFileType = sourcecode.swift; path = SocketService.swift; sourceTree = "<group>"; };
		66BBDC43200B35B8004E8B62 /* Message.swift */ = {isa = PBXFileReference; lastKnownFileType = sourcecode.swift; path = Message.swift; sourceTree = "<group>"; };
		66BBDC45200C035B004E8B62 /* KeyboardBoundView.swift */ = {isa = PBXFileReference; fileEncoding = 4; lastKnownFileType = sourcecode.swift; path = KeyboardBoundView.swift; sourceTree = "<group>"; };
		66BBDC47200CA5AA004E8B62 /* MessageCell.swift */ = {isa = PBXFileReference; lastKnownFileType = sourcecode.swift; path = MessageCell.swift; sourceTree = "<group>"; };
		869D9F9C343CCF8D18F1F2A4 /* Pods_Smack.framework */ = {isa = PBXFileReference; explicitFileType = wrapper.framework; includeInIndex = 0; path = Pods_Smack.framework; sourceTree = BUILT_PRODUCTS_DIR; };
/* End PBXFileReference section */

/* Begin PBXFrameworksBuildPhase section */
		6631F71E2000BC8A00A7F18C /* Frameworks */ = {
			isa = PBXFrameworksBuildPhase;
			buildActionMask = 2147483647;
			files = (
				20CE5F3536A83DF33C801684 /* Pods_Smack.framework in Frameworks */,
			);
			runOnlyForDeploymentPostprocessing = 0;
		};
/* End PBXFrameworksBuildPhase section */

/* Begin PBXGroup section */
		6631F7182000BC8A00A7F18C = {
			isa = PBXGroup;
			children = (
				6631F7232000BC8A00A7F18C /* Smack */,
				6631F7222000BC8A00A7F18C /* Products */,
				8654DB155D9A3A75B9AEA6B3 /* Pods */,
				ADA2342697959C6E03F7DC6B /* Frameworks */,
			);
			sourceTree = "<group>";
		};
		6631F7222000BC8A00A7F18C /* Products */ = {
			isa = PBXGroup;
			children = (
				6631F7212000BC8A00A7F18C /* Smack.app */,
			);
			name = Products;
			sourceTree = "<group>";
		};
		6631F7232000BC8A00A7F18C /* Smack */ = {
			isa = PBXGroup;
			children = (
				66BBDC362007C44E004E8B62 /* XIBs */,
				6631F74B2003FB0B00A7F18C /* Services */,
				6631F744200377A300A7F18C /* Utilities */,
				6631F73D200277B400A7F18C /* View */,
				6631F73C200277AE00A7F18C /* Model */,
				6631F73B200277A700A7F18C /* Controller */,
				6631F7362001757A00A7F18C /* Supporting Files */,
				6631F7242000BC8A00A7F18C /* AppDelegate.swift */,
				6631F7282000BC8A00A7F18C /* Main.storyboard */,
				6631F72B2000BC8A00A7F18C /* Assets.xcassets */,
				6631F72D2000BC8A00A7F18C /* LaunchScreen.storyboard */,
				6631F7302000BC8A00A7F18C /* Info.plist */,
			);
			path = Smack;
			sourceTree = "<group>";
		};
		6631F7362001757A00A7F18C /* Supporting Files */ = {
			isa = PBXGroup;
			children = (
				6631F739200175AC00A7F18C /* SWRevealViewController.h */,
				6631F738200175AB00A7F18C /* SWRevealViewController.m */,
				6631F737200175AA00A7F18C /* Smack-Bridging-Header.h */,
			);
			path = "Supporting Files";
			sourceTree = "<group>";
		};
		6631F73B200277A700A7F18C /* Controller */ = {
			isa = PBXGroup;
			children = (
				6631F73E200277E000A7F18C /* ChatVC.swift */,
				6631F740200277F600A7F18C /* ChannelVC.swift */,
				6631F74720037DB100A7F18C /* LoginVC.swift */,
				6631F7492003CC6C00A7F18C /* CreateAccountVC.swift */,
				66A3AAB0200762C000853180 /* AvatarPickerVC.swift */,
				66BBDC312007C421004E8B62 /* ProfileVC.swift */,
				66BBDC3D200909B3004E8B62 /* AddChannelVC.swift */,
			);
			path = Controller;
			sourceTree = "<group>";
		};
		6631F73C200277AE00A7F18C /* Model */ = {
			isa = PBXGroup;
			children = (
				66BBDC392008AFFB004E8B62 /* Channel.swift */,
				66BBDC43200B35B8004E8B62 /* Message.swift */,
			);
			path = Model;
			sourceTree = "<group>";
		};
		6631F73D200277B400A7F18C /* View */ = {
			isa = PBXGroup;
			children = (
				6631F7422003697100A7F18C /* GradientView.swift */,
				6631F74E2004083B00A7F18C /* RoundedButton.swift */,
				66A3AAB2200764CC00853180 /* AvatarCell.swift */,
				66A3AAB420078EEC00853180 /* CircleImage.swift */,
				66BBDC3B2008E7B0004E8B62 /* ChannelCell.swift */,
				66BBDC45200C035B004E8B62 /* KeyboardBoundView.swift */,
				66BBDC47200CA5AA004E8B62 /* MessageCell.swift */,
			);
			path = View;
			sourceTree = "<group>";
		};
		6631F744200377A300A7F18C /* Utilities */ = {
			isa = PBXGroup;
			children = (
				6631F745200377BE00A7F18C /* Constants.swift */,
			);
			path = Utilities;
			sourceTree = "<group>";
		};
		6631F74B2003FB0B00A7F18C /* Services */ = {
			isa = PBXGroup;
			children = (
				6631F74C2003FB2300A7F18C /* AuthService.swift */,
				66A3AAAE200556A500853180 /* UserDataService.swift */,
				66BBDC372008AFC9004E8B62 /* MessageService.swift */,
				66BBDC4120091172004E8B62 /* SocketService.swift */,
			);
			path = Services;
			sourceTree = "<group>";
		};
		66BBDC362007C44E004E8B62 /* XIBs */ = {
			isa = PBXGroup;
			children = (
				66BBDC322007C421004E8B62 /* ProfileVC.xib */,
				66BBDC3E200909B3004E8B62 /* AddChannelVC.xib */,
			);
			path = XIBs;
			sourceTree = "<group>";
		};
		8654DB155D9A3A75B9AEA6B3 /* Pods */ = {
			isa = PBXGroup;
			children = (
				34F190E72915C7DC7E16DBE5 /* Pods-Smack.debug.xcconfig */,
				5426F29BF5605B2DE8454FEA /* Pods-Smack.release.xcconfig */,
			);
			name = Pods;
			sourceTree = "<group>";
		};
		ADA2342697959C6E03F7DC6B /* Frameworks */ = {
			isa = PBXGroup;
			children = (
				869D9F9C343CCF8D18F1F2A4 /* Pods_Smack.framework */,
			);
			name = Frameworks;
			sourceTree = "<group>";
		};
/* End PBXGroup section */

/* Begin PBXNativeTarget section */
		6631F7202000BC8A00A7F18C /* Smack */ = {
			isa = PBXNativeTarget;
			buildConfigurationList = 6631F7332000BC8A00A7F18C /* Build configuration list for PBXNativeTarget "Smack" */;
			buildPhases = (
				90DEFC663FE369E2E46DEC99 /* [CP] Check Pods Manifest.lock */,
				6631F71D2000BC8A00A7F18C /* Sources */,
				6631F71E2000BC8A00A7F18C /* Frameworks */,
				6631F71F2000BC8A00A7F18C /* Resources */,
				ED621D3220CC49338BF4D55B /* [CP] Embed Pods Frameworks */,
				6FFB03F6D8A60997267FE67E /* [CP] Copy Pods Resources */,
			);
			buildRules = (
			);
			dependencies = (
			);
			name = Smack;
			productName = Smack;
			productReference = 6631F7212000BC8A00A7F18C /* Smack.app */;
			productType = "com.apple.product-type.application";
		};
/* End PBXNativeTarget section */

/* Begin PBXProject section */
		6631F7192000BC8A00A7F18C /* Project object */ = {
			isa = PBXProject;
			attributes = {
				LastSwiftUpdateCheck = 0920;
				LastUpgradeCheck = 0920;
				ORGANIZATIONNAME = Georgy;
				TargetAttributes = {
					6631F7202000BC8A00A7F18C = {
						CreatedOnToolsVersion = 9.2;
						LastSwiftMigration = 0920;
						ProvisioningStyle = Automatic;
					};
				};
			};
			buildConfigurationList = 6631F71C2000BC8A00A7F18C /* Build configuration list for PBXProject "Smack" */;
			compatibilityVersion = "Xcode 8.0";
			developmentRegion = en;
			hasScannedForEncodings = 0;
			knownRegions = (
				en,
				Base,
			);
			mainGroup = 6631F7182000BC8A00A7F18C;
			productRefGroup = 6631F7222000BC8A00A7F18C /* Products */;
			projectDirPath = "";
			projectRoot = "";
			targets = (
				6631F7202000BC8A00A7F18C /* Smack */,
			);
		};
/* End PBXProject section */

/* Begin PBXResourcesBuildPhase section */
		6631F71F2000BC8A00A7F18C /* Resources */ = {
			isa = PBXResourcesBuildPhase;
			buildActionMask = 2147483647;
			files = (
				66BBDC40200909B3004E8B62 /* AddChannelVC.xib in Resources */,
				66BBDC342007C421004E8B62 /* ProfileVC.xib in Resources */,
				6631F72F2000BC8A00A7F18C /* LaunchScreen.storyboard in Resources */,
				6631F72C2000BC8A00A7F18C /* Assets.xcassets in Resources */,
				6631F72A2000BC8A00A7F18C /* Main.storyboard in Resources */,
			);
			runOnlyForDeploymentPostprocessing = 0;
		};
/* End PBXResourcesBuildPhase section */

/* Begin PBXShellScriptBuildPhase section */
		6FFB03F6D8A60997267FE67E /* [CP] Copy Pods Resources */ = {
			isa = PBXShellScriptBuildPhase;
			buildActionMask = 2147483647;
			files = (
			);
			inputPaths = (
			);
			name = "[CP] Copy Pods Resources";
			outputPaths = (
			);
			runOnlyForDeploymentPostprocessing = 0;
			shellPath = /bin/sh;
			shellScript = "\"${SRCROOT}/Pods/Target Support Files/Pods-Smack/Pods-Smack-resources.sh\"\n";
			showEnvVarsInLog = 0;
		};
		90DEFC663FE369E2E46DEC99 /* [CP] Check Pods Manifest.lock */ = {
			isa = PBXShellScriptBuildPhase;
			buildActionMask = 2147483647;
			files = (
			);
			inputPaths = (
			);
			name = "[CP] Check Pods Manifest.lock";
			outputPaths = (
			);
			runOnlyForDeploymentPostprocessing = 0;
			shellPath = /bin/sh;
			shellScript = "diff \"${PODS_ROOT}/../Podfile.lock\" \"${PODS_ROOT}/Manifest.lock\" > /dev/null\nif [ $? != 0 ] ; then\n    # print error to STDERR\n    echo \"error: The sandbox is not in sync with the Podfile.lock. Run 'pod install' or update your CocoaPods installation.\" >&2\n    exit 1\nfi\n";
			showEnvVarsInLog = 0;
		};
		ED621D3220CC49338BF4D55B /* [CP] Embed Pods Frameworks */ = {
			isa = PBXShellScriptBuildPhase;
			buildActionMask = 2147483647;
			files = (
			);
			inputPaths = (
			);
			name = "[CP] Embed Pods Frameworks";
			outputPaths = (
			);
			runOnlyForDeploymentPostprocessing = 0;
			shellPath = /bin/sh;
			shellScript = "\"${SRCROOT}/Pods/Target Support Files/Pods-Smack/Pods-Smack-frameworks.sh\"\n";
			showEnvVarsInLog = 0;
		};
/* End PBXShellScriptBuildPhase section */

/* Begin PBXSourcesBuildPhase section */
		6631F71D2000BC8A00A7F18C /* Sources */ = {
			isa = PBXSourcesBuildPhase;
			buildActionMask = 2147483647;
			files = (
				66BBDC46200C035B004E8B62 /* KeyboardBoundView.swift in Sources */,
				66BBDC4220091172004E8B62 /* SocketService.swift in Sources */,
				66BBDC332007C421004E8B62 /* ProfileVC.swift in Sources */,
				66BBDC3C2008E7B0004E8B62 /* ChannelCell.swift in Sources */,
				6631F741200277F600A7F18C /* ChannelVC.swift in Sources */,
				66A3AAB1200762C000853180 /* AvatarPickerVC.swift in Sources */,
				66BBDC48200CA5AA004E8B62 /* MessageCell.swift in Sources */,
				6631F74F2004083B00A7F18C /* RoundedButton.swift in Sources */,
				66BBDC44200B35B8004E8B62 /* Message.swift in Sources */,
				66BBDC3A2008AFFB004E8B62 /* Channel.swift in Sources */,
				66A3AAB520078EEC00853180 /* CircleImage.swift in Sources */,
				66BBDC382008AFC9004E8B62 /* MessageService.swift in Sources */,
				6631F73F200277E000A7F18C /* ChatVC.swift in Sources */,
				66A3AAAF200556A500853180 /* UserDataService.swift in Sources */,
				6631F74A2003CC6C00A7F18C /* CreateAccountVC.swift in Sources */,
				6631F74D2003FB2300A7F18C /* AuthService.swift in Sources */,
				6631F74820037DB100A7F18C /* LoginVC.swift in Sources */,
				66BBDC3F200909B3004E8B62 /* AddChannelVC.swift in Sources */,
				6631F7432003697100A7F18C /* GradientView.swift in Sources */,
				66A3AAB3200764CC00853180 /* AvatarCell.swift in Sources */,
				6631F7252000BC8A00A7F18C /* AppDelegate.swift in Sources */,
				6631F73A200175AC00A7F18C /* SWRevealViewController.m in Sources */,
				6631F746200377BE00A7F18C /* Constants.swift in Sources */,
			);
			runOnlyForDeploymentPostprocessing = 0;
		};
/* End PBXSourcesBuildPhase section */

/* Begin PBXVariantGroup section */
		6631F7282000BC8A00A7F18C /* Main.storyboard */ = {
			isa = PBXVariantGroup;
			children = (
				6631F7292000BC8A00A7F18C /* Base */,
			);
			name = Main.storyboard;
			sourceTree = "<group>";
		};
		6631F72D2000BC8A00A7F18C /* LaunchScreen.storyboard */ = {
			isa = PBXVariantGroup;
			children = (
				6631F72E2000BC8A00A7F18C /* Base */,
			);
			name = LaunchScreen.storyboard;
			sourceTree = "<group>";
		};
/* End PBXVariantGroup section */

/* Begin XCBuildConfiguration section */
		6631F7312000BC8A00A7F18C /* Debug */ = {
			isa = XCBuildConfiguration;
			buildSettings = {
				ALWAYS_SEARCH_USER_PATHS = NO;
				CLANG_ANALYZER_NONNULL = YES;
				CLANG_ANALYZER_NUMBER_OBJECT_CONVERSION = YES_AGGRESSIVE;
				CLANG_CXX_LANGUAGE_STANDARD = "gnu++14";
				CLANG_CXX_LIBRARY = "libc++";
				CLANG_ENABLE_MODULES = YES;
				CLANG_ENABLE_OBJC_ARC = YES;
				CLANG_WARN_BLOCK_CAPTURE_AUTORELEASING = YES;
				CLANG_WARN_BOOL_CONVERSION = YES;
				CLANG_WARN_COMMA = YES;
				CLANG_WARN_CONSTANT_CONVERSION = YES;
				CLANG_WARN_DIRECT_OBJC_ISA_USAGE = YES_ERROR;
				CLANG_WARN_DOCUMENTATION_COMMENTS = YES;
				CLANG_WARN_EMPTY_BODY = YES;
				CLANG_WARN_ENUM_CONVERSION = YES;
				CLANG_WARN_INFINITE_RECURSION = YES;
				CLANG_WARN_INT_CONVERSION = YES;
				CLANG_WARN_NON_LITERAL_NULL_CONVERSION = YES;
				CLANG_WARN_OBJC_LITERAL_CONVERSION = YES;
				CLANG_WARN_OBJC_ROOT_CLASS = YES_ERROR;
				CLANG_WARN_RANGE_LOOP_ANALYSIS = YES;
				CLANG_WARN_STRICT_PROTOTYPES = YES;
				CLANG_WARN_SUSPICIOUS_MOVE = YES;
				CLANG_WARN_UNGUARDED_AVAILABILITY = YES_AGGRESSIVE;
				CLANG_WARN_UNREACHABLE_CODE = YES;
				CLANG_WARN__DUPLICATE_METHOD_MATCH = YES;
				CODE_SIGN_IDENTITY = "iPhone Developer";
				COPY_PHASE_STRIP = NO;
				DEBUG_INFORMATION_FORMAT = dwarf;
				ENABLE_STRICT_OBJC_MSGSEND = YES;
				ENABLE_TESTABILITY = YES;
				GCC_C_LANGUAGE_STANDARD = gnu11;
				GCC_DYNAMIC_NO_PIC = NO;
				GCC_NO_COMMON_BLOCKS = YES;
				GCC_OPTIMIZATION_LEVEL = 0;
				GCC_PREPROCESSOR_DEFINITIONS = (
					"DEBUG=1",
					"$(inherited)",
				);
				GCC_WARN_64_TO_32_BIT_CONVERSION = YES;
				GCC_WARN_ABOUT_RETURN_TYPE = YES_ERROR;
				GCC_WARN_UNDECLARED_SELECTOR = YES;
				GCC_WARN_UNINITIALIZED_AUTOS = YES_AGGRESSIVE;
				GCC_WARN_UNUSED_FUNCTION = YES;
				GCC_WARN_UNUSED_VARIABLE = YES;
				IPHONEOS_DEPLOYMENT_TARGET = 11.2;
				MTL_ENABLE_DEBUG_INFO = YES;
				ONLY_ACTIVE_ARCH = YES;
				SDKROOT = iphoneos;
				SWIFT_ACTIVE_COMPILATION_CONDITIONS = DEBUG;
				SWIFT_OPTIMIZATION_LEVEL = "-Onone";
			};
			name = Debug;
		};
		6631F7322000BC8A00A7F18C /* Release */ = {
			isa = XCBuildConfiguration;
			buildSettings = {
				ALWAYS_SEARCH_USER_PATHS = NO;
				CLANG_ANALYZER_NONNULL = YES;
				CLANG_ANALYZER_NUMBER_OBJECT_CONVERSION = YES_AGGRESSIVE;
				CLANG_CXX_LANGUAGE_STANDARD = "gnu++14";
				CLANG_CXX_LIBRARY = "libc++";
				CLANG_ENABLE_MODULES = YES;
				CLANG_ENABLE_OBJC_ARC = YES;
				CLANG_WARN_BLOCK_CAPTURE_AUTORELEASING = YES;
				CLANG_WARN_BOOL_CONVERSION = YES;
				CLANG_WARN_COMMA = YES;
				CLANG_WARN_CONSTANT_CONVERSION = YES;
				CLANG_WARN_DIRECT_OBJC_ISA_USAGE = YES_ERROR;
				CLANG_WARN_DOCUMENTATION_COMMENTS = YES;
				CLANG_WARN_EMPTY_BODY = YES;
				CLANG_WARN_ENUM_CONVERSION = YES;
				CLANG_WARN_INFINITE_RECURSION = YES;
				CLANG_WARN_INT_CONVERSION = YES;
				CLANG_WARN_NON_LITERAL_NULL_CONVERSION = YES;
				CLANG_WARN_OBJC_LITERAL_CONVERSION = YES;
				CLANG_WARN_OBJC_ROOT_CLASS = YES_ERROR;
				CLANG_WARN_RANGE_LOOP_ANALYSIS = YES;
				CLANG_WARN_STRICT_PROTOTYPES = YES;
				CLANG_WARN_SUSPICIOUS_MOVE = YES;
				CLANG_WARN_UNGUARDED_AVAILABILITY = YES_AGGRESSIVE;
				CLANG_WARN_UNREACHABLE_CODE = YES;
				CLANG_WARN__DUPLICATE_METHOD_MATCH = YES;
				CODE_SIGN_IDENTITY = "iPhone Developer";
				COPY_PHASE_STRIP = NO;
				DEBUG_INFORMATION_FORMAT = "dwarf-with-dsym";
				ENABLE_NS_ASSERTIONS = NO;
				ENABLE_STRICT_OBJC_MSGSEND = YES;
				GCC_C_LANGUAGE_STANDARD = gnu11;
				GCC_NO_COMMON_BLOCKS = YES;
				GCC_WARN_64_TO_32_BIT_CONVERSION = YES;
				GCC_WARN_ABOUT_RETURN_TYPE = YES_ERROR;
				GCC_WARN_UNDECLARED_SELECTOR = YES;
				GCC_WARN_UNINITIALIZED_AUTOS = YES_AGGRESSIVE;
				GCC_WARN_UNUSED_FUNCTION = YES;
				GCC_WARN_UNUSED_VARIABLE = YES;
				IPHONEOS_DEPLOYMENT_TARGET = 11.2;
				MTL_ENABLE_DEBUG_INFO = NO;
				SDKROOT = iphoneos;
				SWIFT_OPTIMIZATION_LEVEL = "-Owholemodule";
				VALIDATE_PRODUCT = YES;
			};
			name = Release;
		};
		6631F7342000BC8A00A7F18C /* Debug */ = {
			isa = XCBuildConfiguration;
			baseConfigurationReference = 34F190E72915C7DC7E16DBE5 /* Pods-Smack.debug.xcconfig */;
			buildSettings = {
				ASSETCATALOG_COMPILER_APPICON_NAME = AppIcon;
				CLANG_ENABLE_MODULES = YES;
				CODE_SIGN_STYLE = Automatic;
				DEVELOPMENT_TEAM = U8FZ3UYF69;
				INFOPLIST_FILE = Smack/Info.plist;
				LD_RUNPATH_SEARCH_PATHS = "$(inherited) @executable_path/Frameworks";
				PRODUCT_BUNDLE_IDENTIFIER = edu.georgy.Smack;
				PRODUCT_NAME = "$(TARGET_NAME)";
				SWIFT_OBJC_BRIDGING_HEADER = "Smack/Supporting Files/Smack-Bridging-Header.h";
				SWIFT_OPTIMIZATION_LEVEL = "-Onone";
				SWIFT_VERSION = 4.0;
				TARGETED_DEVICE_FAMILY = "1,2";
			};
			name = Debug;
		};
		6631F7352000BC8A00A7F18C /* Release */ = {
			isa = XCBuildConfiguration;
			baseConfigurationReference = 5426F29BF5605B2DE8454FEA /* Pods-Smack.release.xcconfig */;
			buildSettings = {
				ASSETCATALOG_COMPILER_APPICON_NAME = AppIcon;
				CLANG_ENABLE_MODULES = YES;
				CODE_SIGN_STYLE = Automatic;
				DEVELOPMENT_TEAM = U8FZ3UYF69;
				INFOPLIST_FILE = Smack/Info.plist;
				LD_RUNPATH_SEARCH_PATHS = "$(inherited) @executable_path/Frameworks";
				PRODUCT_BUNDLE_IDENTIFIER = edu.georgy.Smack;
				PRODUCT_NAME = "$(TARGET_NAME)";
				SWIFT_OBJC_BRIDGING_HEADER = "Smack/Supporting Files/Smack-Bridging-Header.h";
				SWIFT_VERSION = 4.0;
				TARGETED_DEVICE_FAMILY = "1,2";
			};
			name = Release;
		};
/* End XCBuildConfiguration section */

/* Begin XCConfigurationList section */
		6631F71C2000BC8A00A7F18C /* Build configuration list for PBXProject "Smack" */ = {
			isa = XCConfigurationList;
			buildConfigurations = (
				6631F7312000BC8A00A7F18C /* Debug */,
				6631F7322000BC8A00A7F18C /* Release */,
			);
			defaultConfigurationIsVisible = 0;
			defaultConfigurationName = Release;
		};
		6631F7332000BC8A00A7F18C /* Build configuration list for PBXNativeTarget "Smack" */ = {
			isa = XCConfigurationList;
			buildConfigurations = (
				6631F7342000BC8A00A7F18C /* Debug */,
				6631F7352000BC8A00A7F18C /* Release */,
			);
			defaultConfigurationIsVisible = 0;
			defaultConfigurationName = Release;
		};
/* End XCConfigurationList section */
	};
	rootObject = 6631F7192000BC8A00A7F18C /* Project object */;
}
